
Microsoft Visual Studio Solution File, Format Version 12.00
# Visual Studio Version 17
VisualStudioVersion = 17.14.37012.4 d17.14
MinimumVisualStudioVersion = 10.0.40219.1
Project("{FAE04EC0-301F-11D3-BF4B-00C04F79EFBC}") = "AutoSaver", "AutoSaver\AutoSaver.csproj", "{A0DE14F2-0351-470F-9FBC-266E19E2CDEC}"
EndProject
Global
	GlobalSection(SolutionConfigurationPlatforms) = preSolution
		Debug|Any CPU = Debug|Any CPU
		Release|Any CPU = Release|Any CPU
	EndGlobalSection
	GlobalSection(ProjectConfigurationPlatforms) = postSolution
		{A0DE14F2-0351-470F-9FBC-266E19E2CDEC}.Debug|Any CPU.ActiveCfg = Debug|Any CPU
		{A0DE14F2-0351-470F-9FBC-266E19E2CDEC}.Debug|Any CPU.Build.0 = Debug|Any CPU
		{A0DE14F2-0351-470F-9FBC-266E19E2CDEC}.Release|Any CPU.ActiveCfg = Release|Any CPU
		{A0DE14F2-0351-470F-9FBC-266E19E2CDEC}.Release|Any CPU.Build.0 = Release|Any CPU
	EndGlobalSection
	GlobalSection(SolutionProperties) = preSolution
		HideSolutionNode = FALSE
	EndGlobalSection
	GlobalSection(ExtensibilityGlobals) = postSolution
		SolutionGuid = {0FF108A2-7F36-4E5B-B7A9-B6104FADF135}
	EndGlobalSection
EndGlobal
